
Microsoft Visual Studio Solution File, Format Version 12.00
# Visual Studio Version 16
VisualStudioVersion = 16.0.28729.10
MinimumVisualStudioVersion = 10.0.40219.1
Project("{FAE04EC0-301F-11D3-BF4B-00C04F79EFBC}") = "GuessMyNumberGame", "GuessMyNumberGame.csproj", "{12A9659B-B544-43CB-A9E8-4340C6E1063D}"
EndProject
Global
	GlobalSection(SolutionConfigurationPlatforms) = preSolution
		Debug|Any CPU = Debug|Any CPU
		Release|Any CPU = Release|Any CPU
	EndGlobalSection
	GlobalSection(ProjectConfigurationPlatforms) = postSolution
		{12A9659B-B544-43CB-A9E8-4340C6E1063D}.Debug|Any CPU.ActiveCfg = Debug|Any CPU
		{12A9659B-B544-43CB-A9E8-4340C6E1063D}.Debug|Any CPU.Build.0 = Debug|Any CPU
		{12A9659B-B544-43CB-A9E8-4340C6E1063D}.Release|Any CPU.ActiveCfg = Release|Any CPU
		{12A9659B-B544-43CB-A9E8-4340C6E1063D}.Release|Any CPU.Build.0 = Release|Any CPU
	EndGlobalSection
	GlobalSection(SolutionProperties) = preSolution
		HideSolutionNode = FALSE
	EndGlobalSection
	GlobalSection(ExtensibilityGlobals) = postSolution
		SolutionGuid = {B9DAEB82-404B-462C-ACBB-C64EC465BC66}
	EndGlobalSection
EndGlobal
